// !$*UTF8*$!
{
	archiveVersion = 1;
	classes = {
	};
	objectVersion = 56;
	objects = {

/* Begin PBXBuildFile section */
		8C1BFC3029F4799800CC6EC8 /* PurchaseView.swift in Sources */ = {isa = PBXBuildFile; fileRef = 8C1BFC2F29F4799800CC6EC8 /* PurchaseView.swift */; };
		8C620F7C29E23AA10052AB84 /* ProductDetailView.swift in Sources */ = {isa = PBXBuildFile; fileRef = 8C620F7B29E23AA10052AB84 /* ProductDetailView.swift */; };
		8C620F7E29E23C8B0052AB84 /* LoginView.swift in Sources */ = {isa = PBXBuildFile; fileRef = 8C620F7D29E23C8B0052AB84 /* LoginView.swift */; };
		8C620F8029E23CA00052AB84 /* SignUpView.swift in Sources */ = {isa = PBXBuildFile; fileRef = 8C620F7F29E23CA00052AB84 /* SignUpView.swift */; };
		8C620F8229E2F04C0052AB84 /* GoogleService-Info.plist in Resources */ = {isa = PBXBuildFile; fileRef = 8C620F8129E2F04C0052AB84 /* GoogleService-Info.plist */; };
		8C620F8529E2F1580052AB84 /* FirebaseAuth in Frameworks */ = {isa = PBXBuildFile; productRef = 8C620F8429E2F1580052AB84 /* FirebaseAuth */; };
		8C620F8729E2F1580052AB84 /* FirebaseDatabase in Frameworks */ = {isa = PBXBuildFile; productRef = 8C620F8629E2F1580052AB84 /* FirebaseDatabase */; };
		8C620F8929E2F1580052AB84 /* FirebaseDatabaseSwift in Frameworks */ = {isa = PBXBuildFile; productRef = 8C620F8829E2F1580052AB84 /* FirebaseDatabaseSwift */; };
		8C620F8C29E56C230052AB84 /* FirebaseFirestore in Frameworks */ = {isa = PBXBuildFile; productRef = 8C620F8B29E56C230052AB84 /* FirebaseFirestore */; };
		8C620F8E29F2BE040052AB84 /* ListProductView.swift in Sources */ = {isa = PBXBuildFile; fileRef = 8C620F8D29F2BE040052AB84 /* ListProductView.swift */; };
		8C620F9029F2BE150052AB84 /* PurchasedProductsView.swift in Sources */ = {isa = PBXBuildFile; fileRef = 8C620F8F29F2BE150052AB84 /* PurchasedProductsView.swift */; };
		8C620F9229F2BE200052AB84 /* SoldProductsView.swift in Sources */ = {isa = PBXBuildFile; fileRef = 8C620F9129F2BE200052AB84 /* SoldProductsView.swift */; };
		8C620F9429F2C39F0052AB84 /* FirebaseStorage in Frameworks */ = {isa = PBXBuildFile; productRef = 8C620F9329F2C39F0052AB84 /* FirebaseStorage */; };
		8C620F9629F2C7780052AB84 /* ImagePicker.swift in Sources */ = {isa = PBXBuildFile; fileRef = 8C620F9529F2C7780052AB84 /* ImagePicker.swift */; };
		8C9C099729E1E3480036FA54 /* FinalYearProjectApp.swift in Sources */ = {isa = PBXBuildFile; fileRef = 8C9C099629E1E3480036FA54 /* FinalYearProjectApp.swift */; };
		8C9C099929E1E3480036FA54 /* ContentView.swift in Sources */ = {isa = PBXBuildFile; fileRef = 8C9C099829E1E3480036FA54 /* ContentView.swift */; };
		8C9C099B29E1E34A0036FA54 /* Assets.xcassets in Resources */ = {isa = PBXBuildFile; fileRef = 8C9C099A29E1E34A0036FA54 /* Assets.xcassets */; };
		8C9C099E29E1E34A0036FA54 /* Preview Assets.xcassets in Resources */ = {isa = PBXBuildFile; fileRef = 8C9C099D29E1E34A0036FA54 /* Preview Assets.xcassets */; };
		8C9C09A029E1E34A0036FA54 /* Persistence.swift in Sources */ = {isa = PBXBuildFile; fileRef = 8C9C099F29E1E34A0036FA54 /* Persistence.swift */; };
		8C9C09A329E1E34A0036FA54 /* FinalYearProject.xcdatamodeld in Sources */ = {isa = PBXBuildFile; fileRef = 8C9C09A129E1E34A0036FA54 /* FinalYearProject.xcdatamodeld */; };
		8C9C09AD29E1E34A0036FA54 /* FinalYearProjectTests.swift in Sources */ = {isa = PBXBuildFile; fileRef = 8C9C09AC29E1E34A0036FA54 /* FinalYearProjectTests.swift */; };
		8C9C09B729E1E34A0036FA54 /* FinalYearProjectUITests.swift in Sources */ = {isa = PBXBuildFile; fileRef = 8C9C09B629E1E34A0036FA54 /* FinalYearProjectUITests.swift */; };
		8C9C09B929E1E34A0036FA54 /* FinalYearProjectUITestsLaunchTests.swift in Sources */ = {isa = PBXBuildFile; fileRef = 8C9C09B829E1E34A0036FA54 /* FinalYearProjectUITestsLaunchTests.swift */; };
		8C9C09CA29E1E7E60036FA54 /* OnSaleView.swift in Sources */ = {isa = PBXBuildFile; fileRef = 8C9C09C929E1E7E60036FA54 /* OnSaleView.swift */; };
		8C9C09CC29E1E7FC0036FA54 /* MyAccountView.swift in Sources */ = {isa = PBXBuildFile; fileRef = 8C9C09CB29E1E7FC0036FA54 /* MyAccountView.swift */; };
		8C9C09CE29E1E83F0036FA54 /* TabNavigationView.swift in Sources */ = {isa = PBXBuildFile; fileRef = 8C9C09CD29E1E83F0036FA54 /* TabNavigationView.swift */; };
		8C9C09D029E22E970036FA54 /* SearchBar.swift in Sources */ = {isa = PBXBuildFile; fileRef = 8C9C09CF29E22E970036FA54 /* SearchBar.swift */; };
/* End PBXBuildFile section */

/* Begin PBXContainerItemProxy section */
		8C9C09A929E1E34A0036FA54 /* PBXContainerItemProxy */ = {
			isa = PBXContainerItemProxy;
			containerPortal = 8C9C098B29E1E3480036FA54 /* Project object */;
			proxyType = 1;
			remoteGlobalIDString = 8C9C099229E1E3480036FA54;
			remoteInfo = FinalYearProject;
		};
		8C9C09B329E1E34A0036FA54 /* PBXContainerItemProxy */ = {
			isa = PBXContainerItemProxy;
			containerPortal = 8C9C098B29E1E3480036FA54 /* Project object */;
			proxyType = 1;
			remoteGlobalIDString = 8C9C099229E1E3480036FA54;
			remoteInfo = FinalYearProject;
		};
/* End PBXContainerItemProxy section */

/* Begin PBXFileReference section */
		8C1BFC2F29F4799800CC6EC8 /* PurchaseView.swift */ = {isa = PBXFileReference; lastKnownFileType = sourcecode.swift; path = PurchaseView.swift; sourceTree = "<group>"; };
		8C620F7B29E23AA10052AB84 /* ProductDetailView.swift */ = {isa = PBXFileReference; lastKnownFileType = sourcecode.swift; path = ProductDetailView.swift; sourceTree = "<group>"; };
		8C620F7D29E23C8B0052AB84 /* LoginView.swift */ = {isa = PBXFileReference; lastKnownFileType = sourcecode.swift; path = LoginView.swift; sourceTree = "<group>"; };
		8C620F7F29E23CA00052AB84 /* SignUpView.swift */ = {isa = PBXFileReference; lastKnownFileType = sourcecode.swift; path = SignUpView.swift; sourceTree = "<group>"; };
		8C620F8129E2F04C0052AB84 /* GoogleService-Info.plist */ = {isa = PBXFileReference; fileEncoding = 4; lastKnownFileType = text.plist.xml; name = "GoogleService-Info.plist"; path = "../../../../../Downloads/GoogleService-Info.plist"; sourceTree = "<group>"; };
		8C620F8D29F2BE040052AB84 /* ListProductView.swift */ = {isa = PBXFileReference; lastKnownFileType = sourcecode.swift; path = ListProductView.swift; sourceTree = "<group>"; };
		8C620F8F29F2BE150052AB84 /* PurchasedProductsView.swift */ = {isa = PBXFileReference; lastKnownFileType = sourcecode.swift; path = PurchasedProductsView.swift; sourceTree = "<group>"; };
		8C620F9129F2BE200052AB84 /* SoldProductsView.swift */ = {isa = PBXFileReference; lastKnownFileType = sourcecode.swift; path = SoldProductsView.swift; sourceTree = "<group>"; };
		8C620F9529F2C7780052AB84 /* ImagePicker.swift */ = {isa = PBXFileReference; lastKnownFileType = sourcecode.swift; path = ImagePicker.swift; sourceTree = "<group>"; };
		8C9C099329E1E3480036FA54 /* FinalYearProject.app */ = {isa = PBXFileReference; explicitFileType = wrapper.application; includeInIndex = 0; path = FinalYearProject.app; sourceTree = BUILT_PRODUCTS_DIR; };
		8C9C099629E1E3480036FA54 /* FinalYearProjectApp.swift */ = {isa = PBXFileReference; lastKnownFileType = sourcecode.swift; path = FinalYearProjectApp.swift; sourceTree = "<group>"; };
		8C9C099829E1E3480036FA54 /* ContentView.swift */ = {isa = PBXFileReference; lastKnownFileType = sourcecode.swift; path = ContentView.swift; sourceTree = "<group>"; };
		8C9C099A29E1E34A0036FA54 /* Assets.xcassets */ = {isa = PBXFileReference; lastKnownFileType = folder.assetcatalog; path = Assets.xcassets; sourceTree = "<group>"; };
		8C9C099D29E1E34A0036FA54 /* Preview Assets.xcassets */ = {isa = PBXFileReference; lastKnownFileType = folder.assetcatalog; path = "Preview Assets.xcassets"; sourceTree = "<group>"; };
		8C9C099F29E1E34A0036FA54 /* Persistence.swift */ = {isa = PBXFileReference; lastKnownFileType = sourcecode.swift; path = Persistence.swift; sourceTree = "<group>"; };
		8C9C09A229E1E34A0036FA54 /* FinalYearProject.xcdatamodel */ = {isa = PBXFileReference; lastKnownFileType = wrapper.xcdatamodel; path = FinalYearProject.xcdatamodel; sourceTree = "<group>"; };
		8C9C09A829E1E34A0036FA54 /* FinalYearProjectTests.xctest */ = {isa = PBXFileReference; explicitFileType = wrapper.cfbundle; includeInIndex = 0; path = FinalYearProjectTests.xctest; sourceTree = BUILT_PRODUCTS_DIR; };
		8C9C09AC29E1E34A0036FA54 /* FinalYearProjectTests.swift */ = {isa = PBXFileReference; lastKnownFileType = sourcecode.swift; path = FinalYearProjectTests.swift; sourceTree = "<group>"; };
		8C9C09B229E1E34A0036FA54 /* FinalYearProjectUITests.xctest */ = {isa = PBXFileReference; explicitFileType = wrapper.cfbundle; includeInIndex = 0; path = FinalYearProjectUITests.xctest; sourceTree = BUILT_PRODUCTS_DIR; };
		8C9C09B629E1E34A0036FA54 /* FinalYearProjectUITests.swift */ = {isa = PBXFileReference; lastKnownFileType = sourcecode.swift; path = FinalYearProjectUITests.swift; sourceTree = "<group>"; };
		8C9C09B829E1E34A0036FA54 /* FinalYearProjectUITestsLaunchTests.swift */ = {isa = PBXFileReference; lastKnownFileType = sourcecode.swift; path = FinalYearProjectUITestsLaunchTests.swift; sourceTree = "<group>"; };
		8C9C09C929E1E7E60036FA54 /* OnSaleView.swift */ = {isa = PBXFileReference; lastKnownFileType = sourcecode.swift; path = OnSaleView.swift; sourceTree = "<group>"; };
		8C9C09CB29E1E7FC0036FA54 /* MyAccountView.swift */ = {isa = PBXFileReference; lastKnownFileType = sourcecode.swift; path = MyAccountView.swift; sourceTree = "<group>"; };
		8C9C09CD29E1E83F0036FA54 /* TabNavigationView.swift */ = {isa = PBXFileReference; lastKnownFileType = sourcecode.swift; path = TabNavigationView.swift; sourceTree = "<group>"; };
		8C9C09CF29E22E970036FA54 /* SearchBar.swift */ = {isa = PBXFileReference; lastKnownFileType = sourcecode.swift; path = SearchBar.swift; sourceTree = "<group>"; };
/* End PBXFileReference section */

/* Begin PBXFrameworksBuildPhase section */
		8C9C099029E1E3480036FA54 /* Frameworks */ = {
			isa = PBXFrameworksBuildPhase;
			buildActionMask = 2147483647;
			files = (
				8C620F8929E2F1580052AB84 /* FirebaseDatabaseSwift in Frameworks */,
				8C620F8C29E56C230052AB84 /* FirebaseFirestore in Frameworks */,
				8C620F8729E2F1580052AB84 /* FirebaseDatabase in Frameworks */,
				8C620F9429F2C39F0052AB84 /* FirebaseStorage in Frameworks */,
				8C620F8529E2F1580052AB84 /* FirebaseAuth in Frameworks */,
			);
			runOnlyForDeploymentPostprocessing = 0;
		};
		8C9C09A529E1E34A0036FA54 /* Frameworks */ = {
			isa = PBXFrameworksBuildPhase;
			buildActionMask = 2147483647;
			files = (
			);
			runOnlyForDeploymentPostprocessing = 0;
		};
		8C9C09AF29E1E34A0036FA54 /* Frameworks */ = {
			isa = PBXFrameworksBuildPhase;
			buildActionMask = 2147483647;
			files = (
			);
			runOnlyForDeploymentPostprocessing = 0;
		};
/* End PBXFrameworksBuildPhase section */

/* Begin PBXGroup section */
		8C620F8A29E56C230052AB84 /* Frameworks */ = {
			isa = PBXGroup;
			children = (
			);
			name = Frameworks;
			sourceTree = "<group>";
		};
		8C9C098A29E1E3480036FA54 = {
			isa = PBXGroup;
			children = (
				8C9C099529E1E3480036FA54 /* FinalYearProject */,
				8C9C09AB29E1E34A0036FA54 /* FinalYearProjectTests */,
				8C9C09B529E1E34A0036FA54 /* FinalYearProjectUITests */,
				8C9C099429E1E3480036FA54 /* Products */,
				8C620F8A29E56C230052AB84 /* Frameworks */,
			);
			sourceTree = "<group>";
		};
		8C9C099429E1E3480036FA54 /* Products */ = {
			isa = PBXGroup;
			children = (
				8C9C099329E1E3480036FA54 /* FinalYearProject.app */,
				8C9C09A829E1E34A0036FA54 /* FinalYearProjectTests.xctest */,
				8C9C09B229E1E34A0036FA54 /* FinalYearProjectUITests.xctest */,
			);
			name = Products;
			sourceTree = "<group>";
		};
		8C9C099529E1E3480036FA54 /* FinalYearProject */ = {
			isa = PBXGroup;
			children = (
				8C620F8129E2F04C0052AB84 /* GoogleService-Info.plist */,
				8C9C099829E1E3480036FA54 /* ContentView.swift */,
				8C9C099629E1E3480036FA54 /* FinalYearProjectApp.swift */,
				8C620F9529F2C7780052AB84 /* ImagePicker.swift */,
				8C620F7B29E23AA10052AB84 /* ProductDetailView.swift */,
				8C620F8D29F2BE040052AB84 /* ListProductView.swift */,
				8C620F7D29E23C8B0052AB84 /* LoginView.swift */,
				8C9C09CB29E1E7FC0036FA54 /* MyAccountView.swift */,
				8C9C09C929E1E7E60036FA54 /* OnSaleView.swift */,
				8C1BFC2F29F4799800CC6EC8 /* PurchaseView.swift */,
				8C9C099F29E1E34A0036FA54 /* Persistence.swift */,
				8C620F8F29F2BE150052AB84 /* PurchasedProductsView.swift */,
				8C9C09CF29E22E970036FA54 /* SearchBar.swift */,
				8C620F7F29E23CA00052AB84 /* SignUpView.swift */,
				8C620F9129F2BE200052AB84 /* SoldProductsView.swift */,
				8C9C09CD29E1E83F0036FA54 /* TabNavigationView.swift */,
				8C9C099A29E1E34A0036FA54 /* Assets.xcassets */,
				8C9C09A129E1E34A0036FA54 /* FinalYearProject.xcdatamodeld */,
				8C9C099C29E1E34A0036FA54 /* Preview Content */,
			);
			path = FinalYearProject;
			sourceTree = "<group>";
		};
		8C9C099C29E1E34A0036FA54 /* Preview Content */ = {
			isa = PBXGroup;
			children = (
				8C9C099D29E1E34A0036FA54 /* Preview Assets.xcassets */,
			);
			path = "Preview Content";
			sourceTree = "<group>";
		};
		8C9C09AB29E1E34A0036FA54 /* FinalYearProjectTests */ = {
			isa = PBXGroup;
			children = (
				8C9C09AC29E1E34A0036FA54 /* FinalYearProjectTests.swift */,
			);
			path = FinalYearProjectTests;
			sourceTree = "<group>";
		};
		8C9C09B529E1E34A0036FA54 /* FinalYearProjectUITests */ = {
			isa = PBXGroup;
			children = (
				8C9C09B629E1E34A0036FA54 /* FinalYearProjectUITests.swift */,
				8C9C09B829E1E34A0036FA54 /* FinalYearProjectUITestsLaunchTests.swift */,
			);
			path = FinalYearProjectUITests;
			sourceTree = "<group>";
		};
/* End PBXGroup section */

/* Begin PBXNativeTarget section */
		8C9C099229E1E3480036FA54 /* FinalYearProject */ = {
			isa = PBXNativeTarget;
			buildConfigurationList = 8C9C09BC29E1E34A0036FA54 /* Build configuration list for PBXNativeTarget "FinalYearProject" */;
			buildPhases = (
				8C9C098F29E1E3480036FA54 /* Sources */,
				8C9C099029E1E3480036FA54 /* Frameworks */,
				8C9C099129E1E3480036FA54 /* Resources */,
			);
			buildRules = (
			);
			dependencies = (
			);
			name = FinalYearProject;
			packageProductDependencies = (
				8C620F8429E2F1580052AB84 /* FirebaseAuth */,
				8C620F8629E2F1580052AB84 /* FirebaseDatabase */,
				8C620F8829E2F1580052AB84 /* FirebaseDatabaseSwift */,
				8C620F8B29E56C230052AB84 /* FirebaseFirestore */,
				8C620F9329F2C39F0052AB84 /* FirebaseStorage */,
			);
			productName = FinalYearProject;
			productReference = 8C9C099329E1E3480036FA54 /* FinalYearProject.app */;
			productType = "com.apple.product-type.application";
		};
		8C9C09A729E1E34A0036FA54 /* FinalYearProjectTests */ = {
			isa = PBXNativeTarget;
			buildConfigurationList = 8C9C09BF29E1E34A0036FA54 /* Build configuration list for PBXNativeTarget "FinalYearProjectTests" */;
			buildPhases = (
				8C9C09A429E1E34A0036FA54 /* Sources */,
				8C9C09A529E1E34A0036FA54 /* Frameworks */,
				8C9C09A629E1E34A0036FA54 /* Resources */,
			);
			buildRules = (
			);
			dependencies = (
				8C9C09AA29E1E34A0036FA54 /* PBXTargetDependency */,
			);
			name = FinalYearProjectTests;
			productName = FinalYearProjectTests;
			productReference = 8C9C09A829E1E34A0036FA54 /* FinalYearProjectTests.xctest */;
			productType = "com.apple.product-type.bundle.unit-test";
		};
		8C9C09B129E1E34A0036FA54 /* FinalYearProjectUITests */ = {
			isa = PBXNativeTarget;
			buildConfigurationList = 8C9C09C229E1E34A0036FA54 /* Build configuration list for PBXNativeTarget "FinalYearProjectUITests" */;
			buildPhases = (
				8C9C09AE29E1E34A0036FA54 /* Sources */,
				8C9C09AF29E1E34A0036FA54 /* Frameworks */,
				8C9C09B029E1E34A0036FA54 /* Resources */,
			);
			buildRules = (
			);
			dependencies = (
				8C9C09B429E1E34A0036FA54 /* PBXTargetDependency */,
			);
			name = FinalYearProjectUITests;
			productName = FinalYearProjectUITests;
			productReference = 8C9C09B229E1E34A0036FA54 /* FinalYearProjectUITests.xctest */;
			productType = "com.apple.product-type.bundle.ui-testing";
		};
/* End PBXNativeTarget section */

/* Begin PBXProject section */
		8C9C098B29E1E3480036FA54 /* Project object */ = {
			isa = PBXProject;
			attributes = {
				BuildIndependentTargetsInParallel = 1;
				LastSwiftUpdateCheck = 1430;
				LastUpgradeCheck = 1430;
				TargetAttributes = {
					8C9C099229E1E3480036FA54 = {
						CreatedOnToolsVersion = 14.3;
					};
					8C9C09A729E1E34A0036FA54 = {
						CreatedOnToolsVersion = 14.3;
						TestTargetID = 8C9C099229E1E3480036FA54;
					};
					8C9C09B129E1E34A0036FA54 = {
						CreatedOnToolsVersion = 14.3;
						TestTargetID = 8C9C099229E1E3480036FA54;
					};
				};
			};
			buildConfigurationList = 8C9C098E29E1E3480036FA54 /* Build configuration list for PBXProject "FinalYearProject" */;
			compatibilityVersion = "Xcode 14.0";
			developmentRegion = en;
			hasScannedForEncodings = 0;
			knownRegions = (
				en,
				Base,
			);
			mainGroup = 8C9C098A29E1E3480036FA54;
			packageReferences = (
				8C620F8329E2F1580052AB84 /* XCRemoteSwiftPackageReference "firebase-ios-sdk" */,
			);
			productRefGroup = 8C9C099429E1E3480036FA54 /* Products */;
			projectDirPath = "";
			projectRoot = "";
			targets = (
				8C9C099229E1E3480036FA54 /* FinalYearProject */,
				8C9C09A729E1E34A0036FA54 /* FinalYearProjectTests */,
				8C9C09B129E1E34A0036FA54 /* FinalYearProjectUITests */,
			);
		};
/* End PBXProject section */

/* Begin PBXResourcesBuildPhase section */
		8C9C099129E1E3480036FA54 /* Resources */ = {
			isa = PBXResourcesBuildPhase;
			buildActionMask = 2147483647;
			files = (
				8C9C099E29E1E34A0036FA54 /* Preview Assets.xcassets in Resources */,
				8C9C099B29E1E34A0036FA54 /* Assets.xcassets in Resources */,
				8C620F8229E2F04C0052AB84 /* GoogleService-Info.plist in Resources */,
			);
			runOnlyForDeploymentPostprocessing = 0;
		};
		8C9C09A629E1E34A0036FA54 /* Resources */ = {
			isa = PBXResourcesBuildPhase;
			buildActionMask = 2147483647;
			files = (
			);
			runOnlyForDeploymentPostprocessing = 0;
		};
		8C9C09B029E1E34A0036FA54 /* Resources */ = {
			isa = PBXResourcesBuildPhase;
			buildActionMask = 2147483647;
			files = (
			);
			runOnlyForDeploymentPostprocessing = 0;
		};
/* End PBXResourcesBuildPhase section */

/* Begin PBXSourcesBuildPhase section */
		8C9C098F29E1E3480036FA54 /* Sources */ = {
			isa = PBXSourcesBuildPhase;
			buildActionMask = 2147483647;
			files = (
				8C620F9229F2BE200052AB84 /* SoldProductsView.swift in Sources */,
				8C620F8E29F2BE040052AB84 /* ListProductView.swift in Sources */,
				8C9C09A029E1E34A0036FA54 /* Persistence.swift in Sources */,
				8C1BFC3029F4799800CC6EC8 /* PurchaseView.swift in Sources */,
				8C9C099929E1E3480036FA54 /* ContentView.swift in Sources */,
				8C9C099729E1E3480036FA54 /* FinalYearProjectApp.swift in Sources */,
				8C620F7C29E23AA10052AB84 /* ProductDetailView.swift in Sources */,
				8C9C09CE29E1E83F0036FA54 /* TabNavigationView.swift in Sources */,
				8C620F9029F2BE150052AB84 /* PurchasedProductsView.swift in Sources */,
				8C620F8029E23CA00052AB84 /* SignUpView.swift in Sources */,
				8C9C09CA29E1E7E60036FA54 /* OnSaleView.swift in Sources */,
				8C9C09D029E22E970036FA54 /* SearchBar.swift in Sources */,
				8C9C09CC29E1E7FC0036FA54 /* MyAccountView.swift in Sources */,
				8C620F9629F2C7780052AB84 /* ImagePicker.swift in Sources */,
				8C620F7E29E23C8B0052AB84 /* LoginView.swift in Sources */,
				8C9C09A329E1E34A0036FA54 /* FinalYearProject.xcdatamodeld in Sources */,
			);
			runOnlyForDeploymentPostprocessing = 0;
		};
		8C9C09A429E1E34A0036FA54 /* Sources */ = {
			isa = PBXSourcesBuildPhase;
			buildActionMask = 2147483647;
			files = (
				8C9C09AD29E1E34A0036FA54 /* FinalYearProjectTests.swift in Sources */,
			);
			runOnlyForDeploymentPostprocessing = 0;
		};
		8C9C09AE29E1E34A0036FA54 /* Sources */ = {
			isa = PBXSourcesBuildPhase;
			buildActionMask = 2147483647;
			files = (
				8C9C09B929E1E34A0036FA54 /* FinalYearProjectUITestsLaunchTests.swift in Sources */,
				8C9C09B729E1E34A0036FA54 /* FinalYearProjectUITests.swift in Sources */,
			);
			runOnlyForDeploymentPostprocessing = 0;
		};
/* End PBXSourcesBuildPhase section */

/* Begin PBXTargetDependency section */
		8C9C09AA29E1E34A0036FA54 /* PBXTargetDependency */ = {
			isa = PBXTargetDependency;
			target = 8C9C099229E1E3480036FA54 /* FinalYearProject */;
			targetProxy = 8C9C09A929E1E34A0036FA54 /* PBXContainerItemProxy */;
		};
		8C9C09B429E1E34A0036FA54 /* PBXTargetDependency */ = {
			isa = PBXTargetDependency;
			target = 8C9C099229E1E3480036FA54 /* FinalYearProject */;
			targetProxy = 8C9C09B329E1E34A0036FA54 /* PBXContainerItemProxy */;
		};
/* End PBXTargetDependency section */

/* Begin XCBuildConfiguration section */
		8C9C09BA29E1E34A0036FA54 /* Debug */ = {
			isa = XCBuildConfiguration;
			buildSettings = {
				ALWAYS_SEARCH_USER_PATHS = NO;
				CLANG_ANALYZER_NONNULL = YES;
				CLANG_ANALYZER_NUMBER_OBJECT_CONVERSION = YES_AGGRESSIVE;
				CLANG_CXX_LANGUAGE_STANDARD = "gnu++20";
				CLANG_ENABLE_MODULES = YES;
				CLANG_ENABLE_OBJC_ARC = YES;
				CLANG_ENABLE_OBJC_WEAK = YES;
				CLANG_WARN_BLOCK_CAPTURE_AUTORELEASING = YES;
				CLANG_WARN_BOOL_CONVERSION = YES;
				CLANG_WARN_COMMA = YES;
				CLANG_WARN_CONSTANT_CONVERSION = YES;
				CLANG_WARN_DEPRECATED_OBJC_IMPLEMENTATIONS = YES;
				CLANG_WARN_DIRECT_OBJC_ISA_USAGE = YES_ERROR;
				CLANG_WARN_DOCUMENTATION_COMMENTS = YES;
				CLANG_WARN_EMPTY_BODY = YES;
				CLANG_WARN_ENUM_CONVERSION = YES;
				CLANG_WARN_INFINITE_RECURSION = YES;
				CLANG_WARN_INT_CONVERSION = YES;
				CLANG_WARN_NON_LITERAL_NULL_CONVERSION = YES;
				CLANG_WARN_OBJC_IMPLICIT_RETAIN_SELF = YES;
				CLANG_WARN_OBJC_LITERAL_CONVERSION = YES;
				CLANG_WARN_OBJC_ROOT_CLASS = YES_ERROR;
				CLANG_WARN_QUOTED_INCLUDE_IN_FRAMEWORK_HEADER = YES;
				CLANG_WARN_RANGE_LOOP_ANALYSIS = YES;
				CLANG_WARN_STRICT_PROTOTYPES = YES;
				CLANG_WARN_SUSPICIOUS_MOVE = YES;
				CLANG_WARN_UNGUARDED_AVAILABILITY = YES_AGGRESSIVE;
				CLANG_WARN_UNREACHABLE_CODE = YES;
				CLANG_WARN__DUPLICATE_METHOD_MATCH = YES;
				COPY_PHASE_STRIP = NO;
				DEBUG_INFORMATION_FORMAT = dwarf;
				ENABLE_STRICT_OBJC_MSGSEND = YES;
				ENABLE_TESTABILITY = YES;
				GCC_C_LANGUAGE_STANDARD = gnu11;
				GCC_DYNAMIC_NO_PIC = NO;
				GCC_NO_COMMON_BLOCKS = YES;
				GCC_OPTIMIZATION_LEVEL = 0;
				GCC_PREPROCESSOR_DEFINITIONS = (
					"DEBUG=1",
					"$(inherited)",
				);
				GCC_WARN_64_TO_32_BIT_CONVERSION = YES;
				GCC_WARN_ABOUT_RETURN_TYPE = YES_ERROR;
				GCC_WARN_UNDECLARED_SELECTOR = YES;
				GCC_WARN_UNINITIALIZED_AUTOS = YES_AGGRESSIVE;
				GCC_WARN_UNUSED_FUNCTION = YES;
				GCC_WARN_UNUSED_VARIABLE = YES;
				IPHONEOS_DEPLOYMENT_TARGET = 16.4;
				MTL_ENABLE_DEBUG_INFO = INCLUDE_SOURCE;
				MTL_FAST_MATH = YES;
				ONLY_ACTIVE_ARCH = YES;
				SDKROOT = iphoneos;
				SWIFT_ACTIVE_COMPILATION_CONDITIONS = DEBUG;
				SWIFT_OPTIMIZATION_LEVEL = "-Onone";
			};
			name = Debug;
		};
		8C9C09BB29E1E34A0036FA54 /* Release */ = {
			isa = XCBuildConfiguration;
			buildSettings = {
				ALWAYS_SEARCH_USER_PATHS = NO;
				CLANG_ANALYZER_NONNULL = YES;
				CLANG_ANALYZER_NUMBER_OBJECT_CONVERSION = YES_AGGRESSIVE;
				CLANG_CXX_LANGUAGE_STANDARD = "gnu++20";
				CLANG_ENABLE_MODULES = YES;
				CLANG_ENABLE_OBJC_ARC = YES;
				CLANG_ENABLE_OBJC_WEAK = YES;
				CLANG_WARN_BLOCK_CAPTURE_AUTORELEASING = YES;
				CLANG_WARN_BOOL_CONVERSION = YES;
				CLANG_WARN_COMMA = YES;
				CLANG_WARN_CONSTANT_CONVERSION = YES;
				CLANG_WARN_DEPRECATED_OBJC_IMPLEMENTATIONS = YES;
				CLANG_WARN_DIRECT_OBJC_ISA_USAGE = YES_ERROR;
				CLANG_WARN_DOCUMENTATION_COMMENTS = YES;
				CLANG_WARN_EMPTY_BODY = YES;
				CLANG_WARN_ENUM_CONVERSION = YES;
				CLANG_WARN_INFINITE_RECURSION = YES;
				CLANG_WARN_INT_CONVERSION = YES;
				CLANG_WARN_NON_LITERAL_NULL_CONVERSION = YES;
				CLANG_WARN_OBJC_IMPLICIT_RETAIN_SELF = YES;
				CLANG_WARN_OBJC_LITERAL_CONVERSION = YES;
				CLANG_WARN_OBJC_ROOT_CLASS = YES_ERROR;
				CLANG_WARN_QUOTED_INCLUDE_IN_FRAMEWORK_HEADER = YES;
				CLANG_WARN_RANGE_LOOP_ANALYSIS = YES;
				CLANG_WARN_STRICT_PROTOTYPES = YES;
				CLANG_WARN_SUSPICIOUS_MOVE = YES;
				CLANG_WARN_UNGUARDED_AVAILABILITY = YES_AGGRESSIVE;
				CLANG_WARN_UNREACHABLE_CODE = YES;
				CLANG_WARN__DUPLICATE_METHOD_MATCH = YES;
				COPY_PHASE_STRIP = NO;
				DEBUG_INFORMATION_FORMAT = "dwarf-with-dsym";
				ENABLE_NS_ASSERTIONS = NO;
				ENABLE_STRICT_OBJC_MSGSEND = YES;
				GCC_C_LANGUAGE_STANDARD = gnu11;
				GCC_NO_COMMON_BLOCKS = YES;
				GCC_WARN_64_TO_32_BIT_CONVERSION = YES;
				GCC_WARN_ABOUT_RETURN_TYPE = YES_ERROR;
				GCC_WARN_UNDECLARED_SELECTOR = YES;
				GCC_WARN_UNINITIALIZED_AUTOS = YES_AGGRESSIVE;
				GCC_WARN_UNUSED_FUNCTION = YES;
				GCC_WARN_UNUSED_VARIABLE = YES;
				IPHONEOS_DEPLOYMENT_TARGET = 16.4;
				MTL_ENABLE_DEBUG_INFO = NO;
				MTL_FAST_MATH = YES;
				SDKROOT = iphoneos;
				SWIFT_COMPILATION_MODE = wholemodule;
				SWIFT_OPTIMIZATION_LEVEL = "-O";
				VALIDATE_PRODUCT = YES;
			};
			name = Release;
		};
		8C9C09BD29E1E34A0036FA54 /* Debug */ = {
			isa = XCBuildConfiguration;
			buildSettings = {
				ASSETCATALOG_COMPILER_APPICON_NAME = AppIcon;
				ASSETCATALOG_COMPILER_GLOBAL_ACCENT_COLOR_NAME = AccentColor;
				CODE_SIGN_STYLE = Automatic;
				CURRENT_PROJECT_VERSION = 1;
				DEVELOPMENT_ASSET_PATHS = "\"FinalYearProject/Preview Content\"";
				DEVELOPMENT_TEAM = UMKLL7B3BY;
				ENABLE_PREVIEWS = YES;
				GENERATE_INFOPLIST_FILE = YES;
				INFOPLIST_KEY_UIApplicationSceneManifest_Generation = YES;
				INFOPLIST_KEY_UIApplicationSupportsIndirectInputEvents = YES;
				INFOPLIST_KEY_UILaunchScreen_Generation = YES;
				INFOPLIST_KEY_UISupportedInterfaceOrientations_iPad = "UIInterfaceOrientationPortrait UIInterfaceOrientationPortraitUpsideDown UIInterfaceOrientationLandscapeLeft UIInterfaceOrientationLandscapeRight";
				INFOPLIST_KEY_UISupportedInterfaceOrientations_iPhone = "UIInterfaceOrientationPortrait UIInterfaceOrientationLandscapeLeft UIInterfaceOrientationLandscapeRight";
				LD_RUNPATH_SEARCH_PATHS = (
					"$(inherited)",
					"@executable_path/Frameworks",
				);
				MARKETING_VERSION = 1.0;
				PRODUCT_BUNDLE_IDENTIFIER = JiaqiXie.FinalYearProject;
				PRODUCT_NAME = "$(TARGET_NAME)";
				SWIFT_EMIT_LOC_STRINGS = YES;
				SWIFT_VERSION = 5.0;
				TARGETED_DEVICE_FAMILY = "1,2";
			};
			name = Debug;
		};
		8C9C09BE29E1E34A0036FA54 /* Release */ = {
			isa = XCBuildConfiguration;
			buildSettings = {
				ASSETCATALOG_COMPILER_APPICON_NAME = AppIcon;
				ASSETCATALOG_COMPILER_GLOBAL_ACCENT_COLOR_NAME = AccentColor;
				CODE_SIGN_STYLE = Automatic;
				CURRENT_PROJECT_VERSION = 1;
				DEVELOPMENT_ASSET_PATHS = "\"FinalYearProject/Preview Content\"";
				DEVELOPMENT_TEAM = UMKLL7B3BY;
				ENABLE_PREVIEWS = YES;
				GENERATE_INFOPLIST_FILE = YES;
				INFOPLIST_KEY_UIApplicationSceneManifest_Generation = YES;
				INFOPLIST_KEY_UIApplicationSupportsIndirectInputEvents = YES;
				INFOPLIST_KEY_UILaunchScreen_Generation = YES;
				INFOPLIST_KEY_UISupportedInterfaceOrientations_iPad = "UIInterfaceOrientationPortrait UIInterfaceOrientationPortraitUpsideDown UIInterfaceOrientationLandscapeLeft UIInterfaceOrientationLandscapeRight";
				INFOPLIST_KEY_UISupportedInterfaceOrientations_iPhone = "UIInterfaceOrientationPortrait UIInterfaceOrientationLandscapeLeft UIInterfaceOrientationLandscapeRight";
				LD_RUNPATH_SEARCH_PATHS = (
					"$(inherited)",
					"@executable_path/Frameworks",
				);
				MARKETING_VERSION = 1.0;
				PRODUCT_BUNDLE_IDENTIFIER = JiaqiXie.FinalYearProject;
				PRODUCT_NAME = "$(TARGET_NAME)";
				SWIFT_EMIT_LOC_STRINGS = YES;
				SWIFT_VERSION = 5.0;
				TARGETED_DEVICE_FAMILY = "1,2";
			};
			name = Release;
		};
		8C9C09C029E1E34A0036FA54 /* Debug */ = {
			isa = XCBuildConfiguration;
			buildSettings = {
				ALWAYS_EMBED_SWIFT_STANDARD_LIBRARIES = YES;
				BUNDLE_LOADER = "$(TEST_HOST)";
				CODE_SIGN_STYLE = Automatic;
				CURRENT_PROJECT_VERSION = 1;
				GENERATE_INFOPLIST_FILE = YES;
				IPHONEOS_DEPLOYMENT_TARGET = 16.4;
				MARKETING_VERSION = 1.0;
				PRODUCT_BUNDLE_IDENTIFIER = JiaqiXie.FinalYearProjectTests;
				PRODUCT_NAME = "$(TARGET_NAME)";
				SWIFT_EMIT_LOC_STRINGS = NO;
				SWIFT_VERSION = 5.0;
				TARGETED_DEVICE_FAMILY = "1,2";
				TEST_HOST = "$(BUILT_PRODUCTS_DIR)/FinalYearProject.app/$(BUNDLE_EXECUTABLE_FOLDER_PATH)/FinalYearProject";
			};
			name = Debug;
		};
		8C9C09C129E1E34A0036FA54 /* Release */ = {
			isa = XCBuildConfiguration;
			buildSettings = {
				ALWAYS_EMBED_SWIFT_STANDARD_LIBRARIES = YES;
				BUNDLE_LOADER = "$(TEST_HOST)";
				CODE_SIGN_STYLE = Automatic;
				CURRENT_PROJECT_VERSION = 1;
				GENERATE_INFOPLIST_FILE = YES;
				IPHONEOS_DEPLOYMENT_TARGET = 16.4;
				MARKETING_VERSION = 1.0;
				PRODUCT_BUNDLE_IDENTIFIER = JiaqiXie.FinalYearProjectTests;
				PRODUCT_NAME = "$(TARGET_NAME)";
				SWIFT_EMIT_LOC_STRINGS = NO;
				SWIFT_VERSION = 5.0;
				TARGETED_DEVICE_FAMILY = "1,2";
				TEST_HOST = "$(BUILT_PRODUCTS_DIR)/FinalYearProject.app/$(BUNDLE_EXECUTABLE_FOLDER_PATH)/FinalYearProject";
			};
			name = Release;
		};
		8C9C09C329E1E34A0036FA54 /* Debug */ = {
			isa = XCBuildConfiguration;
			buildSettings = {
				ALWAYS_EMBED_SWIFT_STANDARD_LIBRARIES = YES;
				CODE_SIGN_STYLE = Automatic;
				CURRENT_PROJECT_VERSION = 1;
				GENERATE_INFOPLIST_FILE = YES;
				MARKETING_VERSION = 1.0;
				PRODUCT_BUNDLE_IDENTIFIER = JiaqiXie.FinalYearProjectUITests;
				PRODUCT_NAME = "$(TARGET_NAME)";
				SWIFT_EMIT_LOC_STRINGS = NO;
				SWIFT_VERSION = 5.0;
				TARGETED_DEVICE_FAMILY = "1,2";
				TEST_TARGET_NAME = FinalYearProject;
			};
			name = Debug;
		};
		8C9C09C429E1E34A0036FA54 /* Release */ = {
			isa = XCBuildConfiguration;
			buildSettings = {
				ALWAYS_EMBED_SWIFT_STANDARD_LIBRARIES = YES;
				CODE_SIGN_STYLE = Automatic;
				CURRENT_PROJECT_VERSION = 1;
				GENERATE_INFOPLIST_FILE = YES;
				MARKETING_VERSION = 1.0;
				PRODUCT_BUNDLE_IDENTIFIER = JiaqiXie.FinalYearProjectUITests;
				PRODUCT_NAME = "$(TARGET_NAME)";
				SWIFT_EMIT_LOC_STRINGS = NO;
				SWIFT_VERSION = 5.0;
				TARGETED_DEVICE_FAMILY = "1,2";
				TEST_TARGET_NAME = FinalYearProject;
			};
			name = Release;
		};
/* End XCBuildConfiguration section */

/* Begin XCConfigurationList section */
		8C9C098E29E1E3480036FA54 /* Build configuration list for PBXProject "FinalYearProject" */ = {
			isa = XCConfigurationList;
			buildConfigurations = (
				8C9C09BA29E1E34A0036FA54 /* Debug */,
				8C9C09BB29E1E34A0036FA54 /* Release */,
			);
			defaultConfigurationIsVisible = 0;
			defaultConfigurationName = Release;
		};
		8C9C09BC29E1E34A0036FA54 /* Build configuration list for PBXNativeTarget "FinalYearProject" */ = {
			isa = XCConfigurationList;
			buildConfigurations = (
				8C9C09BD29E1E34A0036FA54 /* Debug */,
				8C9C09BE29E1E34A0036FA54 /* Release */,
			);
			defaultConfigurationIsVisible = 0;
			defaultConfigurationName = Release;
		};
		8C9C09BF29E1E34A0036FA54 /* Build configuration list for PBXNativeTarget "FinalYearProjectTests" */ = {
			isa = XCConfigurationList;
			buildConfigurations = (
				8C9C09C029E1E34A0036FA54 /* Debug */,
				8C9C09C129E1E34A0036FA54 /* Release */,
			);
			defaultConfigurationIsVisible = 0;
			defaultConfigurationName = Release;
		};
		8C9C09C229E1E34A0036FA54 /* Build configuration list for PBXNativeTarget "FinalYearProjectUITests" */ = {
			isa = XCConfigurationList;
			buildConfigurations = (
				8C9C09C329E1E34A0036FA54 /* Debug */,
				8C9C09C429E1E34A0036FA54 /* Release */,
			);
			defaultConfigurationIsVisible = 0;
			defaultConfigurationName = Release;
		};
/* End XCConfigurationList section */

/* Begin XCRemoteSwiftPackageReference section */
		8C620F8329E2F1580052AB84 /* XCRemoteSwiftPackageReference "firebase-ios-sdk" */ = {
			isa = XCRemoteSwiftPackageReference;
			repositoryURL = "https://github.com/firebase/firebase-ios-sdk";
			requirement = {
				kind = upToNextMajorVersion;
				minimumVersion = 10.0.0;
			};
		};
/* End XCRemoteSwiftPackageReference section */

/* Begin XCSwiftPackageProductDependency section */
		8C620F8429E2F1580052AB84 /* FirebaseAuth */ = {
			isa = XCSwiftPackageProductDependency;
			package = 8C620F8329E2F1580052AB84 /* XCRemoteSwiftPackageReference "firebase-ios-sdk" */;
			productName = FirebaseAuth;
		};
		8C620F8629E2F1580052AB84 /* FirebaseDatabase */ = {
			isa = XCSwiftPackageProductDependency;
			package = 8C620F8329E2F1580052AB84 /* XCRemoteSwiftPackageReference "firebase-ios-sdk" */;
			productName = FirebaseDatabase;
		};
		8C620F8829E2F1580052AB84 /* FirebaseDatabaseSwift */ = {
			isa = XCSwiftPackageProductDependency;
			package = 8C620F8329E2F1580052AB84 /* XCRemoteSwiftPackageReference "firebase-ios-sdk" */;
			productName = FirebaseDatabaseSwift;
		};
		8C620F8B29E56C230052AB84 /* FirebaseFirestore */ = {
			isa = XCSwiftPackageProductDependency;
			package = 8C620F8329E2F1580052AB84 /* XCRemoteSwiftPackageReference "firebase-ios-sdk" */;
			productName = FirebaseFirestore;
		};
		8C620F9329F2C39F0052AB84 /* FirebaseStorage */ = {
			isa = XCSwiftPackageProductDependency;
			package = 8C620F8329E2F1580052AB84 /* XCRemoteSwiftPackageReference "firebase-ios-sdk" */;
			productName = FirebaseStorage;
		};
/* End XCSwiftPackageProductDependency section */

/* Begin XCVersionGroup section */
		8C9C09A129E1E34A0036FA54 /* FinalYearProject.xcdatamodeld */ = {
			isa = XCVersionGroup;
			children = (
				8C9C09A229E1E34A0036FA54 /* FinalYearProject.xcdatamodel */,
			);
			currentVersion = 8C9C09A229E1E34A0036FA54 /* FinalYearProject.xcdatamodel */;
			path = FinalYearProject.xcdatamodeld;
			sourceTree = "<group>";
			versionGroupType = wrapper.xcdatamodel;
		};
/* End XCVersionGroup section */
	};
	rootObject = 8C9C098B29E1E3480036FA54 /* Project object */;
}
